// !$*UTF8*$!
{
	archiveVersion = 1;
	classes = {
	};
	objectVersion = 50;
	objects = {

/* Begin PBXBuildFile section */
		EC077C37253A02EF0097C4F2 /* foodController.swift in Sources */ = {isa = PBXBuildFile; fileRef = EC077C36253A02EF0097C4F2 /* foodController.swift */; };
		EC1D68A92538306300ACAFF9 /* ViewControllerHome.swift in Sources */ = {isa = PBXBuildFile; fileRef = EC1D68A82538306300ACAFF9 /* ViewControllerHome.swift */; };
		EC1D68AB2538711100ACAFF9 /* food.swift in Sources */ = {isa = PBXBuildFile; fileRef = EC1D68AA2538711100ACAFF9 /* food.swift */; };
		EC1D68B725389B3F00ACAFF9 /* TableViewCellCooker.swift in Sources */ = {isa = PBXBuildFile; fileRef = EC1D68B625389B3F00ACAFF9 /* TableViewCellCooker.swift */; };
		EC1D68BD2538AF2100ACAFF9 /* TableViewController.swift in Sources */ = {isa = PBXBuildFile; fileRef = EC1D68BC2538AF2100ACAFF9 /* TableViewController.swift */; };
		EC6EC5492539C33F00484AF4 /* ViewControllerTV.swift in Sources */ = {isa = PBXBuildFile; fileRef = EC6EC5482539C33F00484AF4 /* ViewControllerTV.swift */; };
		EC6EC54B2539C7A300484AF4 /* TableViewCellTV.swift in Sources */ = {isa = PBXBuildFile; fileRef = EC6EC54A2539C7A300484AF4 /* TableViewCellTV.swift */; };
		EC9DBD0C253B5D68005B2612 /* vegetabels.swift in Sources */ = {isa = PBXBuildFile; fileRef = EC9DBD0B253B5D68005B2612 /* vegetabels.swift */; };
		ECFB4B002537228A00D5F5E2 /* AppDelegate.swift in Sources */ = {isa = PBXBuildFile; fileRef = ECFB4AFF2537228A00D5F5E2 /* AppDelegate.swift */; };
		ECFB4B022537228A00D5F5E2 /* SceneDelegate.swift in Sources */ = {isa = PBXBuildFile; fileRef = ECFB4B012537228A00D5F5E2 /* SceneDelegate.swift */; };
		ECFB4B042537228A00D5F5E2 /* ViewController.swift in Sources */ = {isa = PBXBuildFile; fileRef = ECFB4B032537228A00D5F5E2 /* ViewController.swift */; };
		ECFB4B072537228A00D5F5E2 /* Main.storyboard in Resources */ = {isa = PBXBuildFile; fileRef = ECFB4B052537228A00D5F5E2 /* Main.storyboard */; };
		ECFB4B092537228C00D5F5E2 /* Assets.xcassets in Resources */ = {isa = PBXBuildFile; fileRef = ECFB4B082537228C00D5F5E2 /* Assets.xcassets */; };
		ECFB4B0C2537228C00D5F5E2 /* LaunchScreen.storyboard in Resources */ = {isa = PBXBuildFile; fileRef = ECFB4B0A2537228C00D5F5E2 /* LaunchScreen.storyboard */; };
/* End PBXBuildFile section */

/* Begin PBXFileReference section */
		EC077C36253A02EF0097C4F2 /* foodController.swift */ = {isa = PBXFileReference; lastKnownFileType = sourcecode.swift; path = foodController.swift; sourceTree = "<group>"; };
		EC1D68A82538306300ACAFF9 /* ViewControllerHome.swift */ = {isa = PBXFileReference; lastKnownFileType = sourcecode.swift; path = ViewControllerHome.swift; sourceTree = "<group>"; };
		EC1D68AA2538711100ACAFF9 /* food.swift */ = {isa = PBXFileReference; lastKnownFileType = sourcecode.swift; path = food.swift; sourceTree = "<group>"; };
		EC1D68B625389B3F00ACAFF9 /* TableViewCellCooker.swift */ = {isa = PBXFileReference; lastKnownFileType = sourcecode.swift; path = TableViewCellCooker.swift; sourceTree = "<group>"; };
		EC1D68BC2538AF2100ACAFF9 /* TableViewController.swift */ = {isa = PBXFileReference; lastKnownFileType = sourcecode.swift; path = TableViewController.swift; sourceTree = "<group>"; };
		EC6EC5482539C33F00484AF4 /* ViewControllerTV.swift */ = {isa = PBXFileReference; lastKnownFileType = sourcecode.swift; path = ViewControllerTV.swift; sourceTree = "<group>"; };
		EC6EC54A2539C7A300484AF4 /* TableViewCellTV.swift */ = {isa = PBXFileReference; lastKnownFileType = sourcecode.swift; path = TableViewCellTV.swift; sourceTree = "<group>"; };
		EC9DBD0B253B5D68005B2612 /* vegetabels.swift */ = {isa = PBXFileReference; lastKnownFileType = sourcecode.swift; path = vegetabels.swift; sourceTree = "<group>"; };
		ECFB4AFC2537228A00D5F5E2 /* m6b5k.app */ = {isa = PBXFileReference; explicitFileType = wrapper.application; includeInIndex = 0; path = m6b5k.app; sourceTree = BUILT_PRODUCTS_DIR; };
		ECFB4AFF2537228A00D5F5E2 /* AppDelegate.swift */ = {isa = PBXFileReference; lastKnownFileType = sourcecode.swift; path = AppDelegate.swift; sourceTree = "<group>"; };
		ECFB4B012537228A00D5F5E2 /* SceneDelegate.swift */ = {isa = PBXFileReference; lastKnownFileType = sourcecode.swift; path = SceneDelegate.swift; sourceTree = "<group>"; };
		ECFB4B032537228A00D5F5E2 /* ViewController.swift */ = {isa = PBXFileReference; lastKnownFileType = sourcecode.swift; path = ViewController.swift; sourceTree = "<group>"; };
		ECFB4B062537228A00D5F5E2 /* Base */ = {isa = PBXFileReference; lastKnownFileType = file.storyboard; name = Base; path = Base.lproj/Main.storyboard; sourceTree = "<group>"; };
		ECFB4B082537228C00D5F5E2 /* Assets.xcassets */ = {isa = PBXFileReference; lastKnownFileType = folder.assetcatalog; path = Assets.xcassets; sourceTree = "<group>"; };
		ECFB4B0B2537228C00D5F5E2 /* Base */ = {isa = PBXFileReference; lastKnownFileType = file.storyboard; name = Base; path = Base.lproj/LaunchScreen.storyboard; sourceTree = "<group>"; };
		ECFB4B0D2537228C00D5F5E2 /* Info.plist */ = {isa = PBXFileReference; lastKnownFileType = text.plist.xml; path = Info.plist; sourceTree = "<group>"; };
		ECFCA3FC25374342007E8F3D /* Revamped.otf */ = {isa = PBXFileReference; lastKnownFileType = file; path = Revamped.otf; sourceTree = "<group>"; };
/* End PBXFileReference section */

/* Begin PBXFrameworksBuildPhase section */
		ECFB4AF92537228A00D5F5E2 /* Frameworks */ = {
			isa = PBXFrameworksBuildPhase;
			buildActionMask = 2147483647;
			files = (
			);
			runOnlyForDeploymentPostprocessing = 0;
		};
/* End PBXFrameworksBuildPhase section */

/* Begin PBXGroup section */
		ECC55F0B253A2483000277B3 /* View ContollerTV */ = {
			isa = PBXGroup;
			children = (
				EC6EC5482539C33F00484AF4 /* ViewControllerTV.swift */,
				EC6EC54A2539C7A300484AF4 /* TableViewCellTV.swift */,
			);
			path = "View ContollerTV";
			sourceTree = "<group>";
		};
		ECC55F0C253A24D9000277B3 /* cooker */ = {
			isa = PBXGroup;
			children = (
				EC1D68BC2538AF2100ACAFF9 /* TableViewController.swift */,
				EC1D68B625389B3F00ACAFF9 /* TableViewCellCooker.swift */,
			);
			path = cooker;
			sourceTree = "<group>";
		};
		ECC55F0D253A25C5000277B3 /* Model */ = {
			isa = PBXGroup;
			children = (
				EC9DBD0B253B5D68005B2612 /* vegetabels.swift */,
				EC1D68AA2538711100ACAFF9 /* food.swift */,
			);
			path = Model;
			sourceTree = "<group>";
		};
		ECFB4AF32537228A00D5F5E2 = {
			isa = PBXGroup;
			children = (
				ECFB4AFE2537228A00D5F5E2 /* m6b5k */,
				ECFB4AFD2537228A00D5F5E2 /* Products */,
			);
			sourceTree = "<group>";
		};
		ECFB4AFD2537228A00D5F5E2 /* Products */ = {
			isa = PBXGroup;
			children = (
				ECFB4AFC2537228A00D5F5E2 /* m6b5k.app */,
			);
			name = Products;
			sourceTree = "<group>";
		};
		ECFB4AFE2537228A00D5F5E2 /* m6b5k */ = {
			isa = PBXGroup;
			children = (
				ECC55F0C253A24D9000277B3 /* cooker */,
				ECC55F0B253A2483000277B3 /* View ContollerTV */,
				ECC55F0D253A25C5000277B3 /* Model */,
				EC077C36253A02EF0097C4F2 /* foodController.swift */,
				EC1D68A82538306300ACAFF9 /* ViewControllerHome.swift */,
				ECFB4AFF2537228A00D5F5E2 /* AppDelegate.swift */,
				ECFB4B012537228A00D5F5E2 /* SceneDelegate.swift */,
				ECFB4B032537228A00D5F5E2 /* ViewController.swift */,
				ECFB4B052537228A00D5F5E2 /* Main.storyboard */,
				ECFB4B082537228C00D5F5E2 /* Assets.xcassets */,
				ECFCA3FC25374342007E8F3D /* Revamped.otf */,
				ECFB4B0A2537228C00D5F5E2 /* LaunchScreen.storyboard */,
				ECFB4B0D2537228C00D5F5E2 /* Info.plist */,
			);
			path = m6b5k;
			sourceTree = "<group>";
		};
/* End PBXGroup section */

/* Begin PBXNativeTarget section */
		ECFB4AFB2537228A00D5F5E2 /* m6b5k */ = {
			isa = PBXNativeTarget;
			buildConfigurationList = ECFB4B102537228C00D5F5E2 /* Build configuration list for PBXNativeTarget "m6b5k" */;
			buildPhases = (
				ECFB4AF82537228A00D5F5E2 /* Sources */,
				ECFB4AF92537228A00D5F5E2 /* Frameworks */,
				ECFB4AFA2537228A00D5F5E2 /* Resources */,
			);
			buildRules = (
			);
			dependencies = (
			);
			name = m6b5k;
			productName = m6b5k;
			productReference = ECFB4AFC2537228A00D5F5E2 /* m6b5k.app */;
			productType = "com.apple.product-type.application";
		};
/* End PBXNativeTarget section */

/* Begin PBXProject section */
		ECFB4AF42537228A00D5F5E2 /* Project object */ = {
			isa = PBXProject;
			attributes = {
				LastSwiftUpdateCheck = 1170;
				LastUpgradeCheck = 1170;
				ORGANIZATIONNAME = "Abdullah Albakeet";
				TargetAttributes = {
					ECFB4AFB2537228A00D5F5E2 = {
						CreatedOnToolsVersion = 11.7;
					};
				};
			};
			buildConfigurationList = ECFB4AF72537228A00D5F5E2 /* Build configuration list for PBXProject "m6b5k" */;
			compatibilityVersion = "Xcode 9.3";
			developmentRegion = en;
			hasScannedForEncodings = 0;
			knownRegions = (
				en,
				Base,
			);
			mainGroup = ECFB4AF32537228A00D5F5E2;
			productRefGroup = ECFB4AFD2537228A00D5F5E2 /* Products */;
			projectDirPath = "";
			projectRoot = "";
			targets = (
				ECFB4AFB2537228A00D5F5E2 /* m6b5k */,
			);
		};
/* End PBXProject section */

/* Begin PBXResourcesBuildPhase section */
		ECFB4AFA2537228A00D5F5E2 /* Resources */ = {
			isa = PBXResourcesBuildPhase;
			buildActionMask = 2147483647;
			files = (
				ECFB4B0C2537228C00D5F5E2 /* LaunchScreen.storyboard in Resources */,
				ECFB4B092537228C00D5F5E2 /* Assets.xcassets in Resources */,
				ECFB4B072537228A00D5F5E2 /* Main.storyboard in Resources */,
			);
			runOnlyForDeploymentPostprocessing = 0;
		};
/* End PBXResourcesBuildPhase section */

/* Begin PBXSourcesBuildPhase section */
		ECFB4AF82537228A00D5F5E2 /* Sources */ = {
			isa = PBXSourcesBuildPhase;
			buildActionMask = 2147483647;
			files = (
				EC9DBD0C253B5D68005B2612 /* vegetabels.swift in Sources */,
				EC1D68AB2538711100ACAFF9 /* food.swift in Sources */,
				EC1D68BD2538AF2100ACAFF9 /* TableViewController.swift in Sources */,
				EC6EC5492539C33F00484AF4 /* ViewControllerTV.swift in Sources */,
				ECFB4B042537228A00D5F5E2 /* ViewController.swift in Sources */,
				ECFB4B002537228A00D5F5E2 /* AppDelegate.swift in Sources */,
				EC1D68B725389B3F00ACAFF9 /* TableViewCellCooker.swift in Sources */,
				ECFB4B022537228A00D5F5E2 /* SceneDelegate.swift in Sources */,
				EC077C37253A02EF0097C4F2 /* foodController.swift in Sources */,
				EC6EC54B2539C7A300484AF4 /* TableViewCellTV.swift in Sources */,
				EC1D68A92538306300ACAFF9 /* ViewControllerHome.swift in Sources */,
			);
			runOnlyForDeploymentPostprocessing = 0;
		};
/* End PBXSourcesBuildPhase section */

/* Begin PBXVariantGroup section */
		ECFB4B052537228A00D5F5E2 /* Main.storyboard */ = {
			isa = PBXVariantGroup;
			children = (
				ECFB4B062537228A00D5F5E2 /* Base */,
			);
			name = Main.storyboard;
			sourceTree = "<group>";
		};
		ECFB4B0A2537228C00D5F5E2 /* LaunchScreen.storyboard */ = {
			isa = PBXVariantGroup;
			children = (
				ECFB4B0B2537228C00D5F5E2 /* Base */,
			);
			name = LaunchScreen.storyboard;
			sourceTree = "<group>";
		};
/* End PBXVariantGroup section */

/* Begin XCBuildConfiguration section */
		ECFB4B0E2537228C00D5F5E2 /* Debug */ = {
			isa = XCBuildConfiguration;
			buildSettings = {
				ALWAYS_SEARCH_USER_PATHS = NO;
				CLANG_ANALYZER_NONNULL = YES;
				CLANG_ANALYZER_NUMBER_OBJECT_CONVERSION = YES_AGGRESSIVE;
				CLANG_CXX_LANGUAGE_STANDARD = "gnu++14";
				CLANG_CXX_LIBRARY = "libc++";
				CLANG_ENABLE_MODULES = YES;
				CLANG_ENABLE_OBJC_ARC = YES;
				CLANG_ENABLE_OBJC_WEAK = YES;
				CLANG_WARN_BLOCK_CAPTURE_AUTORELEASING = YES;
				CLANG_WARN_BOOL_CONVERSION = YES;
				CLANG_WARN_COMMA = YES;
				CLANG_WARN_CONSTANT_CONVERSION = YES;
				CLANG_WARN_DEPRECATED_OBJC_IMPLEMENTATIONS = YES;
				CLANG_WARN_DIRECT_OBJC_ISA_USAGE = YES_ERROR;
				CLANG_WARN_DOCUMENTATION_COMMENTS = YES;
				CLANG_WARN_EMPTY_BODY = YES;
				CLANG_WARN_ENUM_CONVERSION = YES;
				CLANG_WARN_INFINITE_RECURSION = YES;
				CLANG_WARN_INT_CONVERSION = YES;
				CLANG_WARN_NON_LITERAL_NULL_CONVERSION = YES;
				CLANG_WARN_OBJC_IMPLICIT_RETAIN_SELF = YES;
				CLANG_WARN_OBJC_LITERAL_CONVERSION = YES;
				CLANG_WARN_OBJC_ROOT_CLASS = YES_ERROR;
				CLANG_WARN_RANGE_LOOP_ANALYSIS = YES;
				CLANG_WARN_STRICT_PROTOTYPES = YES;
				CLANG_WARN_SUSPICIOUS_MOVE = YES;
				CLANG_WARN_UNGUARDED_AVAILABILITY = YES_AGGRESSIVE;
				CLANG_WARN_UNREACHABLE_CODE = YES;
				CLANG_WARN__DUPLICATE_METHOD_MATCH = YES;
				COPY_PHASE_STRIP = NO;
				DEBUG_INFORMATION_FORMAT = dwarf;
				ENABLE_STRICT_OBJC_MSGSEND = YES;
				ENABLE_TESTABILITY = YES;
				GCC_C_LANGUAGE_STANDARD = gnu11;
				GCC_DYNAMIC_NO_PIC = NO;
				GCC_NO_COMMON_BLOCKS = YES;
				GCC_OPTIMIZATION_LEVEL = 0;
				GCC_PREPROCESSOR_DEFINITIONS = (
					"DEBUG=1",
					"$(inherited)",
				);
				GCC_WARN_64_TO_32_BIT_CONVERSION = YES;
				GCC_WARN_ABOUT_RETURN_TYPE = YES_ERROR;
				GCC_WARN_UNDECLARED_SELECTOR = YES;
				GCC_WARN_UNINITIALIZED_AUTOS = YES_AGGRESSIVE;
				GCC_WARN_UNUSED_FUNCTION = YES;
				GCC_WARN_UNUSED_VARIABLE = YES;
				IPHONEOS_DEPLOYMENT_TARGET = 13.7;
				MTL_ENABLE_DEBUG_INFO = INCLUDE_SOURCE;
				MTL_FAST_MATH = YES;
				ONLY_ACTIVE_ARCH = YES;
				SDKROOT = iphoneos;
				SWIFT_ACTIVE_COMPILATION_CONDITIONS = DEBUG;
				SWIFT_OPTIMIZATION_LEVEL = "-Onone";
			};
			name = Debug;
		};
		ECFB4B0F2537228C00D5F5E2 /* Release */ = {
			isa = XCBuildConfiguration;
			buildSettings = {
				ALWAYS_SEARCH_USER_PATHS = NO;
				CLANG_ANALYZER_NONNULL = YES;
				CLANG_ANALYZER_NUMBER_OBJECT_CONVERSION = YES_AGGRESSIVE;
				CLANG_CXX_LANGUAGE_STANDARD = "gnu++14";
				CLANG_CXX_LIBRARY = "libc++";
				CLANG_ENABLE_MODULES = YES;
				CLANG_ENABLE_OBJC_ARC = YES;
				CLANG_ENABLE_OBJC_WEAK = YES;
				CLANG_WARN_BLOCK_CAPTURE_AUTORELEASING = YES;
				CLANG_WARN_BOOL_CONVERSION = YES;
				CLANG_WARN_COMMA = YES;
				CLANG_WARN_CONSTANT_CONVERSION = YES;
				CLANG_WARN_DEPRECATED_OBJC_IMPLEMENTATIONS = YES;
				CLANG_WARN_DIRECT_OBJC_ISA_USAGE = YES_ERROR;
				CLANG_WARN_DOCUMENTATION_COMMENTS = YES;
				CLANG_WARN_EMPTY_BODY = YES;
				CLANG_WARN_ENUM_CONVERSION = YES;
				CLANG_WARN_INFINITE_RECURSION = YES;
				CLANG_WARN_INT_CONVERSION = YES;
				CLANG_WARN_NON_LITERAL_NULL_CONVERSION = YES;
				CLANG_WARN_OBJC_IMPLICIT_RETAIN_SELF = YES;
				CLANG_WARN_OBJC_LITERAL_CONVERSION = YES;
				CLANG_WARN_OBJC_ROOT_CLASS = YES_ERROR;
				CLANG_WARN_RANGE_LOOP_ANALYSIS = YES;
				CLANG_WARN_STRICT_PROTOTYPES = YES;
				CLANG_WARN_SUSPICIOUS_MOVE = YES;
				CLANG_WARN_UNGUARDED_AVAILABILITY = YES_AGGRESSIVE;
				CLANG_WARN_UNREACHABLE_CODE = YES;
				CLANG_WARN__DUPLICATE_METHOD_MATCH = YES;
				COPY_PHASE_STRIP = NO;
				DEBUG_INFORMATION_FORMAT = "dwarf-with-dsym";
				ENABLE_NS_ASSERTIONS = NO;
				ENABLE_STRICT_OBJC_MSGSEND = YES;
				GCC_C_LANGUAGE_STANDARD = gnu11;
				GCC_NO_COMMON_BLOCKS = YES;
				GCC_WARN_64_TO_32_BIT_CONVERSION = YES;
				GCC_WARN_ABOUT_RETURN_TYPE = YES_ERROR;
				GCC_WARN_UNDECLARED_SELECTOR = YES;
				GCC_WARN_UNINITIALIZED_AUTOS = YES_AGGRESSIVE;
				GCC_WARN_UNUSED_FUNCTION = YES;
				GCC_WARN_UNUSED_VARIABLE = YES;
				IPHONEOS_DEPLOYMENT_TARGET = 13.7;
				MTL_ENABLE_DEBUG_INFO = NO;
				MTL_FAST_MATH = YES;
				SDKROOT = iphoneos;
				SWIFT_COMPILATION_MODE = wholemodule;
				SWIFT_OPTIMIZATION_LEVEL = "-O";
				VALIDATE_PRODUCT = YES;
			};
			name = Release;
		};
		ECFB4B112537228C00D5F5E2 /* Debug */ = {
			isa = XCBuildConfiguration;
			buildSettings = {
				ASSETCATALOG_COMPILER_APPICON_NAME = AppIcon;
				CODE_SIGN_STYLE = Automatic;
				INFOPLIST_FILE = m6b5k/Info.plist;
				LD_RUNPATH_SEARCH_PATHS = (
					"$(inherited)",
					"@executable_path/Frameworks",
				);
				PRODUCT_BUNDLE_IDENTIFIER = abdullah.m6b5k;
				PRODUCT_NAME = "$(TARGET_NAME)";
				SWIFT_VERSION = 5.0;
				TARGETED_DEVICE_FAMILY = "1,2";
			};
			name = Debug;
		};
		ECFB4B122537228C00D5F5E2 /* Release */ = {
			isa = XCBuildConfiguration;
			buildSettings = {
				ASSETCATALOG_COMPILER_APPICON_NAME = AppIcon;
				CODE_SIGN_STYLE = Automatic;
				INFOPLIST_FILE = m6b5k/Info.plist;
				LD_RUNPATH_SEARCH_PATHS = (
					"$(inherited)",
					"@executable_path/Frameworks",
				);
				PRODUCT_BUNDLE_IDENTIFIER = abdullah.m6b5k;
				PRODUCT_NAME = "$(TARGET_NAME)";
				SWIFT_VERSION = 5.0;
				TARGETED_DEVICE_FAMILY = "1,2";
			};
			name = Release;
		};
/* End XCBuildConfiguration section */

/* Begin XCConfigurationList section */
		ECFB4AF72537228A00D5F5E2 /* Build configuration list for PBXProject "m6b5k" */ = {
			isa = XCConfigurationList;
			buildConfigurations = (
				ECFB4B0E2537228C00D5F5E2 /* Debug */,
				ECFB4B0F2537228C00D5F5E2 /* Release */,
			);
			defaultConfigurationIsVisible = 0;
			defaultConfigurationName = Release;
		};
		ECFB4B102537228C00D5F5E2 /* Build configuration list for PBXNativeTarget "m6b5k" */ = {
			isa = XCConfigurationList;
			buildConfigurations = (
				ECFB4B112537228C00D5F5E2 /* Debug */,
				ECFB4B122537228C00D5F5E2 /* Release */,
			);
			defaultConfigurationIsVisible = 0;
			defaultConfigurationName = Release;
		};
/* End XCConfigurationList section */
	};
	rootObject = ECFB4AF42537228A00D5F5E2 /* Project object */;
}
